{
  "R": {
    "Version": "4.6.0",
    "Repositories": [
      {
        "Name": "CRAN",
        "URL": "https://cran.r-project.org"
      }
    ]
  },
  "Packages": {
    "renv": {
      "Package": "renv",
      "Version": "1.2.3",
      "OS_type": null,
      "NeedsCompilation": "no",
      "Repository": "CRAN",
      "Source": "Repository"
    }
  }
}
